%{"cowboy": {:hex, :cowboy, "1.0.0"},
  "cowlib": {:hex, :cowlib, "1.0.0"},
  "ex_doc": {:git, "git://github.com/elixir-lang/ex_doc.git", "1fe2c5daee98de9b94a78eb5d71cb8dd8b469f85", []},
  "excoveralls": {:hex, :excoveralls, "0.3.5"},
  "exprintf": {:hex, :exprintf, "0.1.0"},
  "jsex": {:hex, :jsex, "2.0.0"},
  "jsx": {:hex, :jsx, "2.0.4"},
  "plug": {:hex, :plug, "0.9.0"},
  "ranch": {:hex, :ranch, "1.0.0"}}
